
Microsoft Visual Studio Solution File, Format Version 12.00
# Visual Studio Version 17
VisualStudioVersion = 17.11.35208.52
MinimumVisualStudioVersion = 10.0.40219.1
Project("{FAE04EC0-301F-11D3-BF4B-00C04F79EFBC}") = "OtroEjemploDeGit.Consola", "OtroEjemploDeGit.Consola\OtroEjemploDeGit.Consola.csproj", "{3E94F801-C13D-43E0-85FB-C5813873F4C4}"
EndProject
Global
	GlobalSection(SolutionConfigurationPlatforms) = preSolution
		Debug|Any CPU = Debug|Any CPU
		Release|Any CPU = Release|Any CPU
	EndGlobalSection
	GlobalSection(ProjectConfigurationPlatforms) = postSolution
		{3E94F801-C13D-43E0-85FB-C5813873F4C4}.Debug|Any CPU.ActiveCfg = Debug|Any CPU
		{3E94F801-C13D-43E0-85FB-C5813873F4C4}.Debug|Any CPU.Build.0 = Debug|Any CPU
		{3E94F801-C13D-43E0-85FB-C5813873F4C4}.Release|Any CPU.ActiveCfg = Release|Any CPU
		{3E94F801-C13D-43E0-85FB-C5813873F4C4}.Release|Any CPU.Build.0 = Release|Any CPU
	EndGlobalSection
	GlobalSection(SolutionProperties) = preSolution
		HideSolutionNode = FALSE
	EndGlobalSection
	GlobalSection(ExtensibilityGlobals) = postSolution
		SolutionGuid = {2A3023AE-279B-4FE7-8B45-0167F62C305B}
	EndGlobalSection
EndGlobal
